
Microsoft Visual Studio Solution File, Format Version 12.00
# Visual Studio Version 17
VisualStudioVersion = 17.2.32630.192
MinimumVisualStudioVersion = 10.0.40219.1
Project("{FAE04EC0-301F-11D3-BF4B-00C04F79EFBC}") = "SimpleWiFiAnalyzer", "SimpleWiFiAnalyzer\SimpleWiFiAnalyzer.csproj", "{38BBBCFC-BDFD-4867-B77F-22127F40EB6E}"
EndProject
Project("{D954291E-2A0B-460D-934E-DC6B0785DB48}") = "SmartWiFiHelpers", "SmartWiFiHelpers\SmartWiFiHelpers.shproj", "{32CAC13A-FF12-4AEF-A228-C69F67A213CB}"
EndProject
Project("{D954291E-2A0B-460D-934E-DC6B0785DB48}") = "WiFiRadarControl", "WiFiRadarControl\WiFiRadarControl.shproj", "{C3870EBF-59D6-4ABB-BFAE-BE394698E32A}"
EndProject
Project("{D954291E-2A0B-460D-934E-DC6B0785DB48}") = "SmartWiFiControls", "SmartWiFiControls\SmartWiFiControls.shproj", "{7E076244-F346-46D1-B152-B9BC542BED85}"
EndProject
Project("{D954291E-2A0B-460D-934E-DC6B0785DB48}") = "MeCardParser", "MeCardParser\MeCardParser.shproj", "{4201F1C2-7F72-423E-A564-1EA7C0D6C0E7}"
EndProject
Project("{D954291E-2A0B-460D-934E-DC6B0785DB48}") = "Utilities", "Utilities\Utilities.shproj", "{6BF226A6-B00F-4B85-A495-AC2E94C8565E}"
EndProject
Project("{D954291E-2A0B-460D-934E-DC6B0785DB48}") = "SpeedTests", "SpeedTests\SpeedTests.shproj", "{6BC87AA6-8F5F-4F28-879C-40A98F300FBC}"
EndProject
Global
	GlobalSection(SolutionConfigurationPlatforms) = preSolution
		Debug|ARM = Debug|ARM
		Debug|ARM64 = Debug|ARM64
		Debug|x64 = Debug|x64
		Debug|x86 = Debug|x86
		Release|ARM = Release|ARM
		Release|ARM64 = Release|ARM64
		Release|x64 = Release|x64
		Release|x86 = Release|x86
	EndGlobalSection
	GlobalSection(ProjectConfigurationPlatforms) = postSolution
		{38BBBCFC-BDFD-4867-B77F-22127F40EB6E}.Debug|ARM.ActiveCfg = Debug|ARM
		{38BBBCFC-BDFD-4867-B77F-22127F40EB6E}.Debug|ARM.Build.0 = Debug|ARM
		{38BBBCFC-BDFD-4867-B77F-22127F40EB6E}.Debug|ARM.Deploy.0 = Debug|ARM
		{38BBBCFC-BDFD-4867-B77F-22127F40EB6E}.Debug|ARM64.ActiveCfg = Debug|ARM64
		{38BBBCFC-BDFD-4867-B77F-22127F40EB6E}.Debug|ARM64.Build.0 = Debug|ARM64
		{38BBBCFC-BDFD-4867-B77F-22127F40EB6E}.Debug|ARM64.Deploy.0 = Debug|ARM64
		{38BBBCFC-BDFD-4867-B77F-22127F40EB6E}.Debug|x64.ActiveCfg = Debug|x64
		{38BBBCFC-BDFD-4867-B77F-22127F40EB6E}.Debug|x64.Build.0 = Debug|x64
		{38BBBCFC-BDFD-4867-B77F-22127F40EB6E}.Debug|x64.Deploy.0 = Debug|x64
		{38BBBCFC-BDFD-4867-B77F-22127F40EB6E}.Debug|x86.ActiveCfg = Debug|x86
		{38BBBCFC-BDFD-4867-B77F-22127F40EB6E}.Debug|x86.Build.0 = Debug|x86
		{38BBBCFC-BDFD-4867-B77F-22127F40EB6E}.Debug|x86.Deploy.0 = Debug|x86
		{38BBBCFC-BDFD-4867-B77F-22127F40EB6E}.Release|ARM.ActiveCfg = Release|ARM
		{38BBBCFC-BDFD-4867-B77F-22127F40EB6E}.Release|ARM.Build.0 = Release|ARM
		{38BBBCFC-BDFD-4867-B77F-22127F40EB6E}.Release|ARM.Deploy.0 = Release|ARM
		{38BBBCFC-BDFD-4867-B77F-22127F40EB6E}.Release|ARM64.ActiveCfg = Release|ARM64
		{38BBBCFC-BDFD-4867-B77F-22127F40EB6E}.Release|ARM64.Build.0 = Release|ARM64
		{38BBBCFC-BDFD-4867-B77F-22127F40EB6E}.Release|ARM64.Deploy.0 = Release|ARM64
		{38BBBCFC-BDFD-4867-B77F-22127F40EB6E}.Release|x64.ActiveCfg = Release|x64
		{38BBBCFC-BDFD-4867-B77F-22127F40EB6E}.Release|x64.Build.0 = Release|x64
		{38BBBCFC-BDFD-4867-B77F-22127F40EB6E}.Release|x64.Deploy.0 = Release|x64
		{38BBBCFC-BDFD-4867-B77F-22127F40EB6E}.Release|x86.ActiveCfg = Release|x86
		{38BBBCFC-BDFD-4867-B77F-22127F40EB6E}.Release|x86.Build.0 = Release|x86
		{38BBBCFC-BDFD-4867-B77F-22127F40EB6E}.Release|x86.Deploy.0 = Release|x86
	EndGlobalSection
	GlobalSection(SolutionProperties) = preSolution
		HideSolutionNode = FALSE
	EndGlobalSection
	GlobalSection(ExtensibilityGlobals) = postSolution
		SolutionGuid = {9A14124A-234D-4304-984D-B3BA9F052155}
	EndGlobalSection
	GlobalSection(SharedMSBuildProjectFiles) = preSolution
		SmartWiFiHelpers\SmartWiFiHelpers.projitems*{32cac13a-ff12-4aef-a228-c69f67a213cb}*SharedItemsImports = 13
		MeCardParser\MeCardParser.projitems*{38bbbcfc-bdfd-4867-b77f-22127f40eb6e}*SharedItemsImports = 4
		SmartWiFiControls\SmartWiFiControls.projitems*{38bbbcfc-bdfd-4867-b77f-22127f40eb6e}*SharedItemsImports = 4
		SmartWiFiHelpers\SmartWiFiHelpers.projitems*{38bbbcfc-bdfd-4867-b77f-22127f40eb6e}*SharedItemsImports = 4
		SpeedTests\SpeedTests.projitems*{38bbbcfc-bdfd-4867-b77f-22127f40eb6e}*SharedItemsImports = 4
		Utilities\Utilities.projitems*{38bbbcfc-bdfd-4867-b77f-22127f40eb6e}*SharedItemsImports = 4
		WiFiRadarControl\WiFiRadarControl.projitems*{38bbbcfc-bdfd-4867-b77f-22127f40eb6e}*SharedItemsImports = 4
		MeCardParser\MeCardParser.projitems*{4201f1c2-7f72-423e-a564-1ea7c0d6c0e7}*SharedItemsImports = 13
		SpeedTests\SpeedTests.projitems*{6bc87aa6-8f5f-4f28-879c-40a98f300fbc}*SharedItemsImports = 13
		Utilities\Utilities.projitems*{6bf226a6-b00f-4b85-a495-ac2e94c8565e}*SharedItemsImports = 13
		SmartWiFiControls\SmartWiFiControls.projitems*{7e076244-f346-46d1-b152-b9bc542bed85}*SharedItemsImports = 13
		WiFiRadarControl\WiFiRadarControl.projitems*{c3870ebf-59d6-4abb-bfae-be394698e32a}*SharedItemsImports = 13
	EndGlobalSection
EndGlobal
